
Microsoft Visual Studio Solution File, Format Version 12.00
# Visual Studio Version 17
VisualStudioVersion = 17.2.32516.85
MinimumVisualStudioVersion = 10.0.40219.1
Project("{FAE04EC0-301F-11D3-BF4B-00C04F79EFBC}") = "KitabxanaProyekti", "KitabxanaProyekti\KitabxanaProyekti.csproj", "{AD70293B-3ADF-4C9D-A83C-26611362E216}"
EndProject
Global
	GlobalSection(SolutionConfigurationPlatforms) = preSolution
		Debug|Any CPU = Debug|Any CPU
		Release|Any CPU = Release|Any CPU
	EndGlobalSection
	GlobalSection(ProjectConfigurationPlatforms) = postSolution
		{AD70293B-3ADF-4C9D-A83C-26611362E216}.Debug|Any CPU.ActiveCfg = Debug|Any CPU
		{AD70293B-3ADF-4C9D-A83C-26611362E216}.Debug|Any CPU.Build.0 = Debug|Any CPU
		{AD70293B-3ADF-4C9D-A83C-26611362E216}.Release|Any CPU.ActiveCfg = Release|Any CPU
		{AD70293B-3ADF-4C9D-A83C-26611362E216}.Release|Any CPU.Build.0 = Release|Any CPU
	EndGlobalSection
	GlobalSection(SolutionProperties) = preSolution
		HideSolutionNode = FALSE
	EndGlobalSection
	GlobalSection(ExtensibilityGlobals) = postSolution
		SolutionGuid = {F386BBBE-3D45-4A0E-B590-A5F31EBDB314}
	EndGlobalSection
EndGlobal
